
Microsoft Visual Studio Solution File, Format Version 12.00
# Visual Studio Version 17
VisualStudioVersion = 17.4.33122.133
MinimumVisualStudioVersion = 10.0.40219.1
Project("{FAE04EC0-301F-11D3-BF4B-00C04F79EFBC}") = "TrafficApiPoller", "TrafficApiPoller\TrafficApiPoller.csproj", "{58D5C4AB-A209-4888-A466-EDE85CA4CAB2}"
EndProject
Project("{FAE04EC0-301F-11D3-BF4B-00C04F79EFBC}") = "TrafficApiStandaloneTester", "TrafficApiStandaloneTester\TrafficApiStandaloneTester.csproj", "{2412B462-DC8C-4F24-8370-099665647BE1}"
EndProject
Global
	GlobalSection(SolutionConfigurationPlatforms) = preSolution
		Debug|Any CPU = Debug|Any CPU
		Release|Any CPU = Release|Any CPU
	EndGlobalSection
	GlobalSection(ProjectConfigurationPlatforms) = postSolution
		{58D5C4AB-A209-4888-A466-EDE85CA4CAB2}.Debug|Any CPU.ActiveCfg = Debug|Any CPU
		{58D5C4AB-A209-4888-A466-EDE85CA4CAB2}.Debug|Any CPU.Build.0 = Debug|Any CPU
		{58D5C4AB-A209-4888-A466-EDE85CA4CAB2}.Release|Any CPU.ActiveCfg = Release|Any CPU
		{58D5C4AB-A209-4888-A466-EDE85CA4CAB2}.Release|Any CPU.Build.0 = Release|Any CPU
		{2412B462-DC8C-4F24-8370-099665647BE1}.Debug|Any CPU.ActiveCfg = Debug|Any CPU
		{2412B462-DC8C-4F24-8370-099665647BE1}.Debug|Any CPU.Build.0 = Debug|Any CPU
		{2412B462-DC8C-4F24-8370-099665647BE1}.Release|Any CPU.ActiveCfg = Release|Any CPU
		{2412B462-DC8C-4F24-8370-099665647BE1}.Release|Any CPU.Build.0 = Release|Any CPU
	EndGlobalSection
	GlobalSection(SolutionProperties) = preSolution
		HideSolutionNode = FALSE
	EndGlobalSection
	GlobalSection(ExtensibilityGlobals) = postSolution
		SolutionGuid = {E0C09B87-0061-4AB3-8A12-FDEAA68F01E3}
	EndGlobalSection
EndGlobal
